// !$*UTF8*$!
{
	archiveVersion = 1;
	classes = {
	};
	objectVersion = 46;
	objects = {

/* Begin PBXBuildFile section */
		CC6BE75E191BF11D00EF3691 /* Foundation.framework in Frameworks */ = {isa = PBXBuildFile; fileRef = CC6BE75D191BF11D00EF3691 /* Foundation.framework */; };
		CC6BE760191BF11D00EF3691 /* CoreGraphics.framework in Frameworks */ = {isa = PBXBuildFile; fileRef = CC6BE75F191BF11D00EF3691 /* CoreGraphics.framework */; };
		CC6BE762191BF11D00EF3691 /* UIKit.framework in Frameworks */ = {isa = PBXBuildFile; fileRef = CC6BE761191BF11D00EF3691 /* UIKit.framework */; };
		CC6BE768191BF11D00EF3691 /* InfoPlist.strings in Resources */ = {isa = PBXBuildFile; fileRef = CC6BE766191BF11D00EF3691 /* InfoPlist.strings */; };
		CC6BE76A191BF11D00EF3691 /* main.m in Sources */ = {isa = PBXBuildFile; fileRef = CC6BE769191BF11D00EF3691 /* main.m */; };
		CC6BE76E191BF11D00EF3691 /* AppDelegate.m in Sources */ = {isa = PBXBuildFile; fileRef = CC6BE76D191BF11D00EF3691 /* AppDelegate.m */; };
		CC6BE770191BF11D00EF3691 /* Images.xcassets in Resources */ = {isa = PBXBuildFile; fileRef = CC6BE76F191BF11D00EF3691 /* Images.xcassets */; };
		CC6BE777191BF11D00EF3691 /* XCTest.framework in Frameworks */ = {isa = PBXBuildFile; fileRef = CC6BE776191BF11D00EF3691 /* XCTest.framework */; };
		CC6BE778191BF11D00EF3691 /* Foundation.framework in Frameworks */ = {isa = PBXBuildFile; fileRef = CC6BE75D191BF11D00EF3691 /* Foundation.framework */; };
		CC6BE779191BF11D00EF3691 /* UIKit.framework in Frameworks */ = {isa = PBXBuildFile; fileRef = CC6BE761191BF11D00EF3691 /* UIKit.framework */; };
		CC6BE781191BF11D00EF3691 /* InfoPlist.strings in Resources */ = {isa = PBXBuildFile; fileRef = CC6BE77F191BF11D00EF3691 /* InfoPlist.strings */; };
		CC6BE783191BF11D00EF3691 /* Example1Tests.m in Sources */ = {isa = PBXBuildFile; fileRef = CC6BE782191BF11D00EF3691 /* Example1Tests.m */; };
		CC6BE7A4191BF13D00EF3691 /* INNCachedObject.m in Sources */ = {isa = PBXBuildFile; fileRef = CC6BE78F191BF13D00EF3691 /* INNCachedObject.m */; };
		CC6BE7A5191BF13D00EF3691 /* INNCacheMonitor.m in Sources */ = {isa = PBXBuildFile; fileRef = CC6BE791191BF13D00EF3691 /* INNCacheMonitor.m */; };
		CC6BE7A6191BF13D00EF3691 /* INNClearCache.m in Sources */ = {isa = PBXBuildFile; fileRef = CC6BE793191BF13D00EF3691 /* INNClearCache.m */; };
		CC6BE7A7191BF13D00EF3691 /* INNExpirationTrigger.m in Sources */ = {isa = PBXBuildFile; fileRef = CC6BE796191BF13D00EF3691 /* INNExpirationTrigger.m */; };
		CC6BE7A8191BF13D00EF3691 /* INNFIFOMemoryCache.m in Sources */ = {isa = PBXBuildFile; fileRef = CC6BE798191BF13D00EF3691 /* INNFIFOMemoryCache.m */; };
		CC6BE7A9191BF13D00EF3691 /* INNLFUMemoryCache.m in Sources */ = {isa = PBXBuildFile; fileRef = CC6BE79B191BF13D00EF3691 /* INNLFUMemoryCache.m */; };
		CC6BE7AA191BF13D00EF3691 /* INNLRUMemoryCache.m in Sources */ = {isa = PBXBuildFile; fileRef = CC6BE79D191BF13D00EF3691 /* INNLRUMemoryCache.m */; };
		CC6BE7AB191BF13D00EF3691 /* INNMethodMatchingRule.m in Sources */ = {isa = PBXBuildFile; fileRef = CC6BE79F191BF13D00EF3691 /* INNMethodMatchingRule.m */; };
		CC6BE7AC191BF13D00EF3691 /* INNNotificationExpirationTrigger.m in Sources */ = {isa = PBXBuildFile; fileRef = CC6BE7A1191BF13D00EF3691 /* INNNotificationExpirationTrigger.m */; };
		CC6BE7AD191BF13D00EF3691 /* INNOlderThanExpirationPolicy.m in Sources */ = {isa = PBXBuildFile; fileRef = CC6BE7A3191BF13D00EF3691 /* INNOlderThanExpirationPolicy.m */; };
		CC6BE7B0191BF48700EF3691 /* TimeService.m in Sources */ = {isa = PBXBuildFile; fileRef = CC6BE7AF191BF48700EF3691 /* TimeService.m */; };
		CC6BE7B3191BF5F900EF3691 /* TestVC.m in Sources */ = {isa = PBXBuildFile; fileRef = CC6BE7B2191BF5F900EF3691 /* TestVC.m */; };
/* End PBXBuildFile section */

/* Begin PBXContainerItemProxy section */
		CC6BE77A191BF11D00EF3691 /* PBXContainerItemProxy */ = {
			isa = PBXContainerItemProxy;
			containerPortal = CC6BE752191BF11D00EF3691 /* Project object */;
			proxyType = 1;
			remoteGlobalIDString = CC6BE759191BF11D00EF3691;
			remoteInfo = Example1;
		};
/* End PBXContainerItemProxy section */

/* Begin PBXFileReference section */
		CC6BE75A191BF11D00EF3691 /* Example1.app */ = {isa = PBXFileReference; explicitFileType = wrapper.application; includeInIndex = 0; path = Example1.app; sourceTree = BUILT_PRODUCTS_DIR; };
		CC6BE75D191BF11D00EF3691 /* Foundation.framework */ = {isa = PBXFileReference; lastKnownFileType = wrapper.framework; name = Foundation.framework; path = System/Library/Frameworks/Foundation.framework; sourceTree = SDKROOT; };
		CC6BE75F191BF11D00EF3691 /* CoreGraphics.framework */ = {isa = PBXFileReference; lastKnownFileType = wrapper.framework; name = CoreGraphics.framework; path = System/Library/Frameworks/CoreGraphics.framework; sourceTree = SDKROOT; };
		CC6BE761191BF11D00EF3691 /* UIKit.framework */ = {isa = PBXFileReference; lastKnownFileType = wrapper.framework; name = UIKit.framework; path = System/Library/Frameworks/UIKit.framework; sourceTree = SDKROOT; };
		CC6BE765191BF11D00EF3691 /* Example1-Info.plist */ = {isa = PBXFileReference; lastKnownFileType = text.plist.xml; path = "Example1-Info.plist"; sourceTree = "<group>"; };
		CC6BE767191BF11D00EF3691 /* en */ = {isa = PBXFileReference; lastKnownFileType = text.plist.strings; name = en; path = en.lproj/InfoPlist.strings; sourceTree = "<group>"; };
		CC6BE769191BF11D00EF3691 /* main.m */ = {isa = PBXFileReference; lastKnownFileType = sourcecode.c.objc; path = main.m; sourceTree = "<group>"; };
		CC6BE76B191BF11D00EF3691 /* Example1-Prefix.pch */ = {isa = PBXFileReference; lastKnownFileType = sourcecode.c.h; path = "Example1-Prefix.pch"; sourceTree = "<group>"; };
		CC6BE76C191BF11D00EF3691 /* AppDelegate.h */ = {isa = PBXFileReference; lastKnownFileType = sourcecode.c.h; path = AppDelegate.h; sourceTree = "<group>"; };
		CC6BE76D191BF11D00EF3691 /* AppDelegate.m */ = {isa = PBXFileReference; lastKnownFileType = sourcecode.c.objc; path = AppDelegate.m; sourceTree = "<group>"; };
		CC6BE76F191BF11D00EF3691 /* Images.xcassets */ = {isa = PBXFileReference; lastKnownFileType = folder.assetcatalog; path = Images.xcassets; sourceTree = "<group>"; };
		CC6BE775191BF11D00EF3691 /* Example1Tests.xctest */ = {isa = PBXFileReference; explicitFileType = wrapper.cfbundle; includeInIndex = 0; path = Example1Tests.xctest; sourceTree = BUILT_PRODUCTS_DIR; };
		CC6BE776191BF11D00EF3691 /* XCTest.framework */ = {isa = PBXFileReference; lastKnownFileType = wrapper.framework; name = XCTest.framework; path = Library/Frameworks/XCTest.framework; sourceTree = DEVELOPER_DIR; };
		CC6BE77E191BF11D00EF3691 /* Example1Tests-Info.plist */ = {isa = PBXFileReference; lastKnownFileType = text.plist.xml; path = "Example1Tests-Info.plist"; sourceTree = "<group>"; };
		CC6BE780191BF11D00EF3691 /* en */ = {isa = PBXFileReference; lastKnownFileType = text.plist.strings; name = en; path = en.lproj/InfoPlist.strings; sourceTree = "<group>"; };
		CC6BE782191BF11D00EF3691 /* Example1Tests.m */ = {isa = PBXFileReference; lastKnownFileType = sourcecode.c.objc; path = Example1Tests.m; sourceTree = "<group>"; };
		CC6BE78D191BF13D00EF3691 /* INNCache.h */ = {isa = PBXFileReference; fileEncoding = 4; lastKnownFileType = sourcecode.c.h; name = INNCache.h; path = ../../../Classes/core/INNCache.h; sourceTree = "<group>"; };
		CC6BE78E191BF13D00EF3691 /* INNCachedObject.h */ = {isa = PBXFileReference; fileEncoding = 4; lastKnownFileType = sourcecode.c.h; name = INNCachedObject.h; path = ../../../Classes/core/INNCachedObject.h; sourceTree = "<group>"; };
		CC6BE78F191BF13D00EF3691 /* INNCachedObject.m */ = {isa = PBXFileReference; fileEncoding = 4; lastKnownFileType = sourcecode.c.objc; name = INNCachedObject.m; path = ../../../Classes/core/INNCachedObject.m; sourceTree = "<group>"; };
		CC6BE790191BF13D00EF3691 /* INNCacheMonitor.h */ = {isa = PBXFileReference; fileEncoding = 4; lastKnownFileType = sourcecode.c.h; name = INNCacheMonitor.h; path = ../../../Classes/core/INNCacheMonitor.h; sourceTree = "<group>"; };
		CC6BE791191BF13D00EF3691 /* INNCacheMonitor.m */ = {isa = PBXFileReference; fileEncoding = 4; lastKnownFileType = sourcecode.c.objc; name = INNCacheMonitor.m; path = ../../../Classes/core/INNCacheMonitor.m; sourceTree = "<group>"; };
		CC6BE792191BF13D00EF3691 /* INNClearCache.h */ = {isa = PBXFileReference; fileEncoding = 4; lastKnownFileType = sourcecode.c.h; name = INNClearCache.h; path = ../../../Classes/core/INNClearCache.h; sourceTree = "<group>"; };
		CC6BE793191BF13D00EF3691 /* INNClearCache.m */ = {isa = PBXFileReference; fileEncoding = 4; lastKnownFileType = sourcecode.c.objc; name = INNClearCache.m; path = ../../../Classes/core/INNClearCache.m; sourceTree = "<group>"; };
		CC6BE794191BF13D00EF3691 /* INNExpirationPolicy.h */ = {isa = PBXFileReference; fileEncoding = 4; lastKnownFileType = sourcecode.c.h; name = INNExpirationPolicy.h; path = ../../../Classes/core/INNExpirationPolicy.h; sourceTree = "<group>"; };
		CC6BE795191BF13D00EF3691 /* INNExpirationTrigger.h */ = {isa = PBXFileReference; fileEncoding = 4; lastKnownFileType = sourcecode.c.h; name = INNExpirationTrigger.h; path = ../../../Classes/core/INNExpirationTrigger.h; sourceTree = "<group>"; };
		CC6BE796191BF13D00EF3691 /* INNExpirationTrigger.m */ = {isa = PBXFileReference; fileEncoding = 4; lastKnownFileType = sourcecode.c.objc; name = INNExpirationTrigger.m; path = ../../../Classes/core/INNExpirationTrigger.m; sourceTree = "<group>"; };
		CC6BE797191BF13D00EF3691 /* INNFIFOMemoryCache.h */ = {isa = PBXFileReference; fileEncoding = 4; lastKnownFileType = sourcecode.c.h; name = INNFIFOMemoryCache.h; path = ../../../Classes/core/INNFIFOMemoryCache.h; sourceTree = "<group>"; };
		CC6BE798191BF13D00EF3691 /* INNFIFOMemoryCache.m */ = {isa = PBXFileReference; fileEncoding = 4; lastKnownFileType = sourcecode.c.objc; name = INNFIFOMemoryCache.m; path = ../../../Classes/core/INNFIFOMemoryCache.m; sourceTree = "<group>"; };
		CC6BE799191BF13D00EF3691 /* INNInsertionPolicy.h */ = {isa = PBXFileReference; fileEncoding = 4; lastKnownFileType = sourcecode.c.h; name = INNInsertionPolicy.h; path = ../../../Classes/core/INNInsertionPolicy.h; sourceTree = "<group>"; };
		CC6BE79A191BF13D00EF3691 /* INNLFUMemoryCache.h */ = {isa = PBXFileReference; fileEncoding = 4; lastKnownFileType = sourcecode.c.h; name = INNLFUMemoryCache.h; path = ../../../Classes/core/INNLFUMemoryCache.h; sourceTree = "<group>"; };
		CC6BE79B191BF13D00EF3691 /* INNLFUMemoryCache.m */ = {isa = PBXFileReference; fileEncoding = 4; lastKnownFileType = sourcecode.c.objc; name = INNLFUMemoryCache.m; path = ../../../Classes/core/INNLFUMemoryCache.m; sourceTree = "<group>"; };
		CC6BE79C191BF13D00EF3691 /* INNLRUMemoryCache.h */ = {isa = PBXFileReference; fileEncoding = 4; lastKnownFileType = sourcecode.c.h; name = INNLRUMemoryCache.h; path = ../../../Classes/core/INNLRUMemoryCache.h; sourceTree = "<group>"; };
		CC6BE79D191BF13D00EF3691 /* INNLRUMemoryCache.m */ = {isa = PBXFileReference; fileEncoding = 4; lastKnownFileType = sourcecode.c.objc; name = INNLRUMemoryCache.m; path = ../../../Classes/core/INNLRUMemoryCache.m; sourceTree = "<group>"; };
		CC6BE79E191BF13D00EF3691 /* INNMethodMatchingRule.h */ = {isa = PBXFileReference; fileEncoding = 4; lastKnownFileType = sourcecode.c.h; name = INNMethodMatchingRule.h; path = ../../../Classes/core/INNMethodMatchingRule.h; sourceTree = "<group>"; };
		CC6BE79F191BF13D00EF3691 /* INNMethodMatchingRule.m */ = {isa = PBXFileReference; fileEncoding = 4; lastKnownFileType = sourcecode.c.objc; name = INNMethodMatchingRule.m; path = ../../../Classes/core/INNMethodMatchingRule.m; sourceTree = "<group>"; };
		CC6BE7A0191BF13D00EF3691 /* INNNotificationExpirationTrigger.h */ = {isa = PBXFileReference; fileEncoding = 4; lastKnownFileType = sourcecode.c.h; name = INNNotificationExpirationTrigger.h; path = ../../../Classes/core/INNNotificationExpirationTrigger.h; sourceTree = "<group>"; };
		CC6BE7A1191BF13D00EF3691 /* INNNotificationExpirationTrigger.m */ = {isa = PBXFileReference; fileEncoding = 4; lastKnownFileType = sourcecode.c.objc; name = INNNotificationExpirationTrigger.m; path = ../../../Classes/core/INNNotificationExpirationTrigger.m; sourceTree = "<group>"; };
		CC6BE7A2191BF13D00EF3691 /* INNOlderThanExpirationPolicy.h */ = {isa = PBXFileReference; fileEncoding = 4; lastKnownFileType = sourcecode.c.h; name = INNOlderThanExpirationPolicy.h; path = ../../../Classes/core/INNOlderThanExpirationPolicy.h; sourceTree = "<group>"; };
		CC6BE7A3191BF13D00EF3691 /* INNOlderThanExpirationPolicy.m */ = {isa = PBXFileReference; fileEncoding = 4; lastKnownFileType = sourcecode.c.objc; name = INNOlderThanExpirationPolicy.m; path = ../../../Classes/core/INNOlderThanExpirationPolicy.m; sourceTree = "<group>"; };
		CC6BE7AE191BF48700EF3691 /* TimeService.h */ = {isa = PBXFileReference; fileEncoding = 4; lastKnownFileType = sourcecode.c.h; path = TimeService.h; sourceTree = "<group>"; };
		CC6BE7AF191BF48700EF3691 /* TimeService.m */ = {isa = PBXFileReference; fileEncoding = 4; lastKnownFileType = sourcecode.c.objc; path = TimeService.m; sourceTree = "<group>"; };
		CC6BE7B1191BF5F900EF3691 /* TestVC.h */ = {isa = PBXFileReference; fileEncoding = 4; lastKnownFileType = sourcecode.c.h; path = TestVC.h; sourceTree = "<group>"; };
		CC6BE7B2191BF5F900EF3691 /* TestVC.m */ = {isa = PBXFileReference; fileEncoding = 4; lastKnownFileType = sourcecode.c.objc; path = TestVC.m; sourceTree = "<group>"; };
/* End PBXFileReference section */

/* Begin PBXFrameworksBuildPhase section */
		CC6BE757191BF11D00EF3691 /* Frameworks */ = {
			isa = PBXFrameworksBuildPhase;
			buildActionMask = 2147483647;
			files = (
				CC6BE760191BF11D00EF3691 /* CoreGraphics.framework in Frameworks */,
				CC6BE762191BF11D00EF3691 /* UIKit.framework in Frameworks */,
				CC6BE75E191BF11D00EF3691 /* Foundation.framework in Frameworks */,
			);
			runOnlyForDeploymentPostprocessing = 0;
		};
		CC6BE772191BF11D00EF3691 /* Frameworks */ = {
			isa = PBXFrameworksBuildPhase;
			buildActionMask = 2147483647;
			files = (
				CC6BE777191BF11D00EF3691 /* XCTest.framework in Frameworks */,
				CC6BE779191BF11D00EF3691 /* UIKit.framework in Frameworks */,
				CC6BE778191BF11D00EF3691 /* Foundation.framework in Frameworks */,
			);
			runOnlyForDeploymentPostprocessing = 0;
		};
/* End PBXFrameworksBuildPhase section */

/* Begin PBXGroup section */
		CC6BE751191BF11D00EF3691 = {
			isa = PBXGroup;
			children = (
				CC6BE763191BF11D00EF3691 /* Example1 */,
				CC6BE77C191BF11D00EF3691 /* Example1Tests */,
				CC6BE75C191BF11D00EF3691 /* Frameworks */,
				CC6BE75B191BF11D00EF3691 /* Products */,
			);
			sourceTree = "<group>";
		};
		CC6BE75B191BF11D00EF3691 /* Products */ = {
			isa = PBXGroup;
			children = (
				CC6BE75A191BF11D00EF3691 /* Example1.app */,
				CC6BE775191BF11D00EF3691 /* Example1Tests.xctest */,
			);
			name = Products;
			sourceTree = "<group>";
		};
		CC6BE75C191BF11D00EF3691 /* Frameworks */ = {
			isa = PBXGroup;
			children = (
				CC6BE75D191BF11D00EF3691 /* Foundation.framework */,
				CC6BE75F191BF11D00EF3691 /* CoreGraphics.framework */,
				CC6BE761191BF11D00EF3691 /* UIKit.framework */,
				CC6BE776191BF11D00EF3691 /* XCTest.framework */,
			);
			name = Frameworks;
			sourceTree = "<group>";
		};
		CC6BE763191BF11D00EF3691 /* Example1 */ = {
			isa = PBXGroup;
			children = (
				CC6BE78C191BF12500EF3691 /* ClearCache */,
				CC6BE76C191BF11D00EF3691 /* AppDelegate.h */,
				CC6BE76D191BF11D00EF3691 /* AppDelegate.m */,
				CC6BE7AE191BF48700EF3691 /* TimeService.h */,
				CC6BE7AF191BF48700EF3691 /* TimeService.m */,
				CC6BE7B1191BF5F900EF3691 /* TestVC.h */,
				CC6BE7B2191BF5F900EF3691 /* TestVC.m */,
				CC6BE76F191BF11D00EF3691 /* Images.xcassets */,
				CC6BE764191BF11D00EF3691 /* Supporting Files */,
			);
			path = Example1;
			sourceTree = "<group>";
		};
		CC6BE764191BF11D00EF3691 /* Supporting Files */ = {
			isa = PBXGroup;
			children = (
				CC6BE765191BF11D00EF3691 /* Example1-Info.plist */,
				CC6BE766191BF11D00EF3691 /* InfoPlist.strings */,
				CC6BE769191BF11D00EF3691 /* main.m */,
				CC6BE76B191BF11D00EF3691 /* Example1-Prefix.pch */,
			);
			name = "Supporting Files";
			sourceTree = "<group>";
		};
		CC6BE77C191BF11D00EF3691 /* Example1Tests */ = {
			isa = PBXGroup;
			children = (
				CC6BE782191BF11D00EF3691 /* Example1Tests.m */,
				CC6BE77D191BF11D00EF3691 /* Supporting Files */,
			);
			path = Example1Tests;
			sourceTree = "<group>";
		};
		CC6BE77D191BF11D00EF3691 /* Supporting Files */ = {
			isa = PBXGroup;
			children = (
				CC6BE77E191BF11D00EF3691 /* Example1Tests-Info.plist */,
				CC6BE77F191BF11D00EF3691 /* InfoPlist.strings */,
			);
			name = "Supporting Files";
			sourceTree = "<group>";
		};
		CC6BE78C191BF12500EF3691 /* ClearCache */ = {
			isa = PBXGroup;
			children = (
				CC6BE78D191BF13D00EF3691 /* INNCache.h */,
				CC6BE78E191BF13D00EF3691 /* INNCachedObject.h */,
				CC6BE78F191BF13D00EF3691 /* INNCachedObject.m */,
				CC6BE790191BF13D00EF3691 /* INNCacheMonitor.h */,
				CC6BE791191BF13D00EF3691 /* INNCacheMonitor.m */,
				CC6BE792191BF13D00EF3691 /* INNClearCache.h */,
				CC6BE793191BF13D00EF3691 /* INNClearCache.m */,
				CC6BE794191BF13D00EF3691 /* INNExpirationPolicy.h */,
				CC6BE795191BF13D00EF3691 /* INNExpirationTrigger.h */,
				CC6BE796191BF13D00EF3691 /* INNExpirationTrigger.m */,
				CC6BE797191BF13D00EF3691 /* INNFIFOMemoryCache.h */,
				CC6BE798191BF13D00EF3691 /* INNFIFOMemoryCache.m */,
				CC6BE799191BF13D00EF3691 /* INNInsertionPolicy.h */,
				CC6BE79A191BF13D00EF3691 /* INNLFUMemoryCache.h */,
				CC6BE79B191BF13D00EF3691 /* INNLFUMemoryCache.m */,
				CC6BE79C191BF13D00EF3691 /* INNLRUMemoryCache.h */,
				CC6BE79D191BF13D00EF3691 /* INNLRUMemoryCache.m */,
				CC6BE79E191BF13D00EF3691 /* INNMethodMatchingRule.h */,
				CC6BE79F191BF13D00EF3691 /* INNMethodMatchingRule.m */,
				CC6BE7A0191BF13D00EF3691 /* INNNotificationExpirationTrigger.h */,
				CC6BE7A1191BF13D00EF3691 /* INNNotificationExpirationTrigger.m */,
				CC6BE7A2191BF13D00EF3691 /* INNOlderThanExpirationPolicy.h */,
				CC6BE7A3191BF13D00EF3691 /* INNOlderThanExpirationPolicy.m */,
			);
			name = ClearCache;
			sourceTree = "<group>";
		};
/* End PBXGroup section */

/* Begin PBXNativeTarget section */
		CC6BE759191BF11D00EF3691 /* Example1 */ = {
			isa = PBXNativeTarget;
			buildConfigurationList = CC6BE786191BF11D00EF3691 /* Build configuration list for PBXNativeTarget "Example1" */;
			buildPhases = (
				CC6BE756191BF11D00EF3691 /* Sources */,
				CC6BE757191BF11D00EF3691 /* Frameworks */,
				CC6BE758191BF11D00EF3691 /* Resources */,
			);
			buildRules = (
			);
			dependencies = (
			);
			name = Example1;
			productName = Example1;
			productReference = CC6BE75A191BF11D00EF3691 /* Example1.app */;
			productType = "com.apple.product-type.application";
		};
		CC6BE774191BF11D00EF3691 /* Example1Tests */ = {
			isa = PBXNativeTarget;
			buildConfigurationList = CC6BE789191BF11D00EF3691 /* Build configuration list for PBXNativeTarget "Example1Tests" */;
			buildPhases = (
				CC6BE771191BF11D00EF3691 /* Sources */,
				CC6BE772191BF11D00EF3691 /* Frameworks */,
				CC6BE773191BF11D00EF3691 /* Resources */,
			);
			buildRules = (
			);
			dependencies = (
				CC6BE77B191BF11D00EF3691 /* PBXTargetDependency */,
			);
			name = Example1Tests;
			productName = Example1Tests;
			productReference = CC6BE775191BF11D00EF3691 /* Example1Tests.xctest */;
			productType = "com.apple.product-type.bundle.unit-test";
		};
/* End PBXNativeTarget section */

/* Begin PBXProject section */
		CC6BE752191BF11D00EF3691 /* Project object */ = {
			isa = PBXProject;
			attributes = {
				LastUpgradeCheck = 0510;
				ORGANIZATIONNAME = Innoruptor;
				TargetAttributes = {
					CC6BE774191BF11D00EF3691 = {
						TestTargetID = CC6BE759191BF11D00EF3691;
					};
				};
			};
			buildConfigurationList = CC6BE755191BF11D00EF3691 /* Build configuration list for PBXProject "Example1" */;
			compatibilityVersion = "Xcode 3.2";
			developmentRegion = English;
			hasScannedForEncodings = 0;
			knownRegions = (
				en,
			);
			mainGroup = CC6BE751191BF11D00EF3691;
			productRefGroup = CC6BE75B191BF11D00EF3691 /* Products */;
			projectDirPath = "";
			projectRoot = "";
			targets = (
				CC6BE759191BF11D00EF3691 /* Example1 */,
				CC6BE774191BF11D00EF3691 /* Example1Tests */,
			);
		};
/* End PBXProject section */

/* Begin PBXResourcesBuildPhase section */
		CC6BE758191BF11D00EF3691 /* Resources */ = {
			isa = PBXResourcesBuildPhase;
			buildActionMask = 2147483647;
			files = (
				CC6BE768191BF11D00EF3691 /* InfoPlist.strings in Resources */,
				CC6BE770191BF11D00EF3691 /* Images.xcassets in Resources */,
			);
			runOnlyForDeploymentPostprocessing = 0;
		};
		CC6BE773191BF11D00EF3691 /* Resources */ = {
			isa = PBXResourcesBuildPhase;
			buildActionMask = 2147483647;
			files = (
				CC6BE781191BF11D00EF3691 /* InfoPlist.strings in Resources */,
			);
			runOnlyForDeploymentPostprocessing = 0;
		};
/* End PBXResourcesBuildPhase section */

/* Begin PBXSourcesBuildPhase section */
		CC6BE756191BF11D00EF3691 /* Sources */ = {
			isa = PBXSourcesBuildPhase;
			buildActionMask = 2147483647;
			files = (
				CC6BE7A8191BF13D00EF3691 /* INNFIFOMemoryCache.m in Sources */,
				CC6BE76E191BF11D00EF3691 /* AppDelegate.m in Sources */,
				CC6BE7AC191BF13D00EF3691 /* INNNotificationExpirationTrigger.m in Sources */,
				CC6BE7A6191BF13D00EF3691 /* INNClearCache.m in Sources */,
				CC6BE7A5191BF13D00EF3691 /* INNCacheMonitor.m in Sources */,
				CC6BE7B0191BF48700EF3691 /* TimeService.m in Sources */,
				CC6BE7AA191BF13D00EF3691 /* INNLRUMemoryCache.m in Sources */,
				CC6BE7AD191BF13D00EF3691 /* INNOlderThanExpirationPolicy.m in Sources */,
				CC6BE7A4191BF13D00EF3691 /* INNCachedObject.m in Sources */,
				CC6BE76A191BF11D00EF3691 /* main.m in Sources */,
				CC6BE7B3191BF5F900EF3691 /* TestVC.m in Sources */,
				CC6BE7AB191BF13D00EF3691 /* INNMethodMatchingRule.m in Sources */,
				CC6BE7A7191BF13D00EF3691 /* INNExpirationTrigger.m in Sources */,
				CC6BE7A9191BF13D00EF3691 /* INNLFUMemoryCache.m in Sources */,
			);
			runOnlyForDeploymentPostprocessing = 0;
		};
		CC6BE771191BF11D00EF3691 /* Sources */ = {
			isa = PBXSourcesBuildPhase;
			buildActionMask = 2147483647;
			files = (
				CC6BE783191BF11D00EF3691 /* Example1Tests.m in Sources */,
			);
			runOnlyForDeploymentPostprocessing = 0;
		};
/* End PBXSourcesBuildPhase section */

/* Begin PBXTargetDependency section */
		CC6BE77B191BF11D00EF3691 /* PBXTargetDependency */ = {
			isa = PBXTargetDependency;
			target = CC6BE759191BF11D00EF3691 /* Example1 */;
			targetProxy = CC6BE77A191BF11D00EF3691 /* PBXContainerItemProxy */;
		};
/* End PBXTargetDependency section */

/* Begin PBXVariantGroup section */
		CC6BE766191BF11D00EF3691 /* InfoPlist.strings */ = {
			isa = PBXVariantGroup;
			children = (
				CC6BE767191BF11D00EF3691 /* en */,
			);
			name = InfoPlist.strings;
			sourceTree = "<group>";
		};
		CC6BE77F191BF11D00EF3691 /* InfoPlist.strings */ = {
			isa = PBXVariantGroup;
			children = (
				CC6BE780191BF11D00EF3691 /* en */,
			);
			name = InfoPlist.strings;
			sourceTree = "<group>";
		};
/* End PBXVariantGroup section */

/* Begin XCBuildConfiguration section */
		CC6BE784191BF11D00EF3691 /* Debug */ = {
			isa = XCBuildConfiguration;
			buildSettings = {
				ALWAYS_SEARCH_USER_PATHS = NO;
				CLANG_CXX_LANGUAGE_STANDARD = "gnu++0x";
				CLANG_CXX_LIBRARY = "libc++";
				CLANG_ENABLE_MODULES = YES;
				CLANG_ENABLE_OBJC_ARC = YES;
				CLANG_WARN_BOOL_CONVERSION = YES;
				CLANG_WARN_CONSTANT_CONVERSION = YES;
				CLANG_WARN_DIRECT_OBJC_ISA_USAGE = YES_ERROR;
				CLANG_WARN_EMPTY_BODY = YES;
				CLANG_WARN_ENUM_CONVERSION = YES;
				CLANG_WARN_INT_CONVERSION = YES;
				CLANG_WARN_OBJC_ROOT_CLASS = YES_ERROR;
				CLANG_WARN__DUPLICATE_METHOD_MATCH = YES;
				"CODE_SIGN_IDENTITY[sdk=iphoneos*]" = "iPhone Developer";
				COPY_PHASE_STRIP = NO;
				GCC_C_LANGUAGE_STANDARD = gnu99;
				GCC_DYNAMIC_NO_PIC = NO;
				GCC_OPTIMIZATION_LEVEL = 0;
				GCC_PREPROCESSOR_DEFINITIONS = (
					"DEBUG=1",
					"$(inherited)",
				);
				GCC_SYMBOLS_PRIVATE_EXTERN = NO;
				GCC_WARN_64_TO_32_BIT_CONVERSION = YES;
				GCC_WARN_ABOUT_RETURN_TYPE = YES_ERROR;
				GCC_WARN_UNDECLARED_SELECTOR = YES;
				GCC_WARN_UNINITIALIZED_AUTOS = YES_AGGRESSIVE;
				GCC_WARN_UNUSED_FUNCTION = YES;
				GCC_WARN_UNUSED_VARIABLE = YES;
				IPHONEOS_DEPLOYMENT_TARGET = 7.1;
				ONLY_ACTIVE_ARCH = YES;
				SDKROOT = iphoneos;
			};
			name = Debug;
		};
		CC6BE785191BF11D00EF3691 /* Release */ = {
			isa = XCBuildConfiguration;
			buildSettings = {
				ALWAYS_SEARCH_USER_PATHS = NO;
				CLANG_CXX_LANGUAGE_STANDARD = "gnu++0x";
				CLANG_CXX_LIBRARY = "libc++";
				CLANG_ENABLE_MODULES = YES;
				CLANG_ENABLE_OBJC_ARC = YES;
				CLANG_WARN_BOOL_CONVERSION = YES;
				CLANG_WARN_CONSTANT_CONVERSION = YES;
				CLANG_WARN_DIRECT_OBJC_ISA_USAGE = YES_ERROR;
				CLANG_WARN_EMPTY_BODY = YES;
				CLANG_WARN_ENUM_CONVERSION = YES;
				CLANG_WARN_INT_CONVERSION = YES;
				CLANG_WARN_OBJC_ROOT_CLASS = YES_ERROR;
				CLANG_WARN__DUPLICATE_METHOD_MATCH = YES;
				"CODE_SIGN_IDENTITY[sdk=iphoneos*]" = "iPhone Developer";
				COPY_PHASE_STRIP = YES;
				ENABLE_NS_ASSERTIONS = NO;
				GCC_C_LANGUAGE_STANDARD = gnu99;
				GCC_WARN_64_TO_32_BIT_CONVERSION = YES;
				GCC_WARN_ABOUT_RETURN_TYPE = YES_ERROR;
				GCC_WARN_UNDECLARED_SELECTOR = YES;
				GCC_WARN_UNINITIALIZED_AUTOS = YES_AGGRESSIVE;
				GCC_WARN_UNUSED_FUNCTION = YES;
				GCC_WARN_UNUSED_VARIABLE = YES;
				IPHONEOS_DEPLOYMENT_TARGET = 7.1;
				SDKROOT = iphoneos;
				VALIDATE_PRODUCT = YES;
			};
			name = Release;
		};
		CC6BE787191BF11D00EF3691 /* Debug */ = {
			isa = XCBuildConfiguration;
			buildSettings = {
				ASSETCATALOG_COMPILER_APPICON_NAME = AppIcon;
				ASSETCATALOG_COMPILER_LAUNCHIMAGE_NAME = LaunchImage;
				GCC_PRECOMPILE_PREFIX_HEADER = YES;
				GCC_PREFIX_HEADER = "Example1/Example1-Prefix.pch";
				INFOPLIST_FILE = "Example1/Example1-Info.plist";
				PRODUCT_NAME = "$(TARGET_NAME)";
				WRAPPER_EXTENSION = app;
			};
			name = Debug;
		};
		CC6BE788191BF11D00EF3691 /* Release */ = {
			isa = XCBuildConfiguration;
			buildSettings = {
				ASSETCATALOG_COMPILER_APPICON_NAME = AppIcon;
				ASSETCATALOG_COMPILER_LAUNCHIMAGE_NAME = LaunchImage;
				GCC_PRECOMPILE_PREFIX_HEADER = YES;
				GCC_PREFIX_HEADER = "Example1/Example1-Prefix.pch";
				INFOPLIST_FILE = "Example1/Example1-Info.plist";
				PRODUCT_NAME = "$(TARGET_NAME)";
				WRAPPER_EXTENSION = app;
			};
			name = Release;
		};
		CC6BE78A191BF11D00EF3691 /* Debug */ = {
			isa = XCBuildConfiguration;
			buildSettings = {
				BUNDLE_LOADER = "$(BUILT_PRODUCTS_DIR)/Example1.app/Example1";
				FRAMEWORK_SEARCH_PATHS = (
					"$(SDKROOT)/Developer/Library/Frameworks",
					"$(inherited)",
					"$(DEVELOPER_FRAMEWORKS_DIR)",
				);
				GCC_PRECOMPILE_PREFIX_HEADER = YES;
				GCC_PREFIX_HEADER = "Example1/Example1-Prefix.pch";
				GCC_PREPROCESSOR_DEFINITIONS = (
					"DEBUG=1",
					"$(inherited)",
				);
				INFOPLIST_FILE = "Example1Tests/Example1Tests-Info.plist";
				PRODUCT_NAME = "$(TARGET_NAME)";
				TEST_HOST = "$(BUNDLE_LOADER)";
				WRAPPER_EXTENSION = xctest;
			};
			name = Debug;
		};
		CC6BE78B191BF11D00EF3691 /* Release */ = {
			isa = XCBuildConfiguration;
			buildSettings = {
				BUNDLE_LOADER = "$(BUILT_PRODUCTS_DIR)/Example1.app/Example1";
				FRAMEWORK_SEARCH_PATHS = (
					"$(SDKROOT)/Developer/Library/Frameworks",
					"$(inherited)",
					"$(DEVELOPER_FRAMEWORKS_DIR)",
				);
				GCC_PRECOMPILE_PREFIX_HEADER = YES;
				GCC_PREFIX_HEADER = "Example1/Example1-Prefix.pch";
				INFOPLIST_FILE = "Example1Tests/Example1Tests-Info.plist";
				PRODUCT_NAME = "$(TARGET_NAME)";
				TEST_HOST = "$(BUNDLE_LOADER)";
				WRAPPER_EXTENSION = xctest;
			};
			name = Release;
		};
/* End XCBuildConfiguration section */

/* Begin XCConfigurationList section */
		CC6BE755191BF11D00EF3691 /* Build configuration list for PBXProject "Example1" */ = {
			isa = XCConfigurationList;
			buildConfigurations = (
				CC6BE784191BF11D00EF3691 /* Debug */,
				CC6BE785191BF11D00EF3691 /* Release */,
			);
			defaultConfigurationIsVisible = 0;
			defaultConfigurationName = Release;
		};
		CC6BE786191BF11D00EF3691 /* Build configuration list for PBXNativeTarget "Example1" */ = {
			isa = XCConfigurationList;
			buildConfigurations = (
				CC6BE787191BF11D00EF3691 /* Debug */,
				CC6BE788191BF11D00EF3691 /* Release */,
			);
			defaultConfigurationIsVisible = 0;
		};
		CC6BE789191BF11D00EF3691 /* Build configuration list for PBXNativeTarget "Example1Tests" */ = {
			isa = XCConfigurationList;
			buildConfigurations = (
				CC6BE78A191BF11D00EF3691 /* Debug */,
				CC6BE78B191BF11D00EF3691 /* Release */,
			);
			defaultConfigurationIsVisible = 0;
		};
/* End XCConfigurationList section */
	};
	rootObject = CC6BE752191BF11D00EF3691 /* Project object */;
}
